{"1.1.0",
[{<<"cowlib">>,{pkg,<<"cowlib">>,<<"1.0.0">>},0},
 {<<"metrics">>,{pkg,<<"metrics">>,<<"1.1.0">>},0},
 {<<"worker_pool">>,
  {git,"https://github.com/inaka/worker_pool.git",
       {ref,"7738b8c1910663b55436d5155f45c74cc175e814"}},
  0}]}.
[
{pkg_hash,[
 {<<"cowlib">>, <<"397D890D669E56D486B0B5329973AD1A07012412BC110D34A737698DD6941741">>},
 {<<"metrics">>, <<"41450DFFBA18B1206BF44FA1AD4E29324D1E561617C2DAF4EF32E3CE50DF08F3">>}]}
].
